
Microsoft Visual Studio Solution File, Format Version 12.00
# Visual Studio 15
VisualStudioVersion = 15.0.26124.0
MinimumVisualStudioVersion = 15.0.26124.0
Project("{2150E333-8FDC-42A3-9474-1A3956D46DE8}") = "src", "src", "{FB182E16-3055-43B2-A59F-B1162E061CDC}"
EndProject
Project("{FAE04EC0-301F-11D3-BF4B-00C04F79EFBC}") = "CommandAPI", "src\CommandAPI\CommandAPI.csproj", "{640FC3E0-7B68-407F-92C8-38B85AC4D74F}"
EndProject
Project("{2150E333-8FDC-42A3-9474-1A3956D46DE8}") = "test", "test", "{28AD5B4C-F643-4E0C-ACDC-C3E1F3EF419F}"
EndProject
Project("{FAE04EC0-301F-11D3-BF4B-00C04F79EFBC}") = "CommandAPI.Tests", "test\CommandAPI.Tests\CommandAPI.Tests.csproj", "{08923CF4-6FE9-4EEF-9443-BB386E5E7A2A}"
EndProject
Global
	GlobalSection(SolutionConfigurationPlatforms) = preSolution
		Debug|Any CPU = Debug|Any CPU
		Debug|x64 = Debug|x64
		Debug|x86 = Debug|x86
		Release|Any CPU = Release|Any CPU
		Release|x64 = Release|x64
		Release|x86 = Release|x86
	EndGlobalSection
	GlobalSection(SolutionProperties) = preSolution
		HideSolutionNode = FALSE
	EndGlobalSection
	GlobalSection(ProjectConfigurationPlatforms) = postSolution
		{640FC3E0-7B68-407F-92C8-38B85AC4D74F}.Debug|Any CPU.ActiveCfg = Debug|Any CPU
		{640FC3E0-7B68-407F-92C8-38B85AC4D74F}.Debug|Any CPU.Build.0 = Debug|Any CPU
		{640FC3E0-7B68-407F-92C8-38B85AC4D74F}.Debug|x64.ActiveCfg = Debug|Any CPU
		{640FC3E0-7B68-407F-92C8-38B85AC4D74F}.Debug|x64.Build.0 = Debug|Any CPU
		{640FC3E0-7B68-407F-92C8-38B85AC4D74F}.Debug|x86.ActiveCfg = Debug|Any CPU
		{640FC3E0-7B68-407F-92C8-38B85AC4D74F}.Debug|x86.Build.0 = Debug|Any CPU
		{640FC3E0-7B68-407F-92C8-38B85AC4D74F}.Release|Any CPU.ActiveCfg = Release|Any CPU
		{640FC3E0-7B68-407F-92C8-38B85AC4D74F}.Release|Any CPU.Build.0 = Release|Any CPU
		{640FC3E0-7B68-407F-92C8-38B85AC4D74F}.Release|x64.ActiveCfg = Release|Any CPU
		{640FC3E0-7B68-407F-92C8-38B85AC4D74F}.Release|x64.Build.0 = Release|Any CPU
		{640FC3E0-7B68-407F-92C8-38B85AC4D74F}.Release|x86.ActiveCfg = Release|Any CPU
		{640FC3E0-7B68-407F-92C8-38B85AC4D74F}.Release|x86.Build.0 = Release|Any CPU
		{08923CF4-6FE9-4EEF-9443-BB386E5E7A2A}.Debug|Any CPU.ActiveCfg = Debug|Any CPU
		{08923CF4-6FE9-4EEF-9443-BB386E5E7A2A}.Debug|Any CPU.Build.0 = Debug|Any CPU
		{08923CF4-6FE9-4EEF-9443-BB386E5E7A2A}.Debug|x64.ActiveCfg = Debug|Any CPU
		{08923CF4-6FE9-4EEF-9443-BB386E5E7A2A}.Debug|x64.Build.0 = Debug|Any CPU
		{08923CF4-6FE9-4EEF-9443-BB386E5E7A2A}.Debug|x86.ActiveCfg = Debug|Any CPU
		{08923CF4-6FE9-4EEF-9443-BB386E5E7A2A}.Debug|x86.Build.0 = Debug|Any CPU
		{08923CF4-6FE9-4EEF-9443-BB386E5E7A2A}.Release|Any CPU.ActiveCfg = Release|Any CPU
		{08923CF4-6FE9-4EEF-9443-BB386E5E7A2A}.Release|Any CPU.Build.0 = Release|Any CPU
		{08923CF4-6FE9-4EEF-9443-BB386E5E7A2A}.Release|x64.ActiveCfg = Release|Any CPU
		{08923CF4-6FE9-4EEF-9443-BB386E5E7A2A}.Release|x64.Build.0 = Release|Any CPU
		{08923CF4-6FE9-4EEF-9443-BB386E5E7A2A}.Release|x86.ActiveCfg = Release|Any CPU
		{08923CF4-6FE9-4EEF-9443-BB386E5E7A2A}.Release|x86.Build.0 = Release|Any CPU
	EndGlobalSection
	GlobalSection(NestedProjects) = preSolution
		{640FC3E0-7B68-407F-92C8-38B85AC4D74F} = {FB182E16-3055-43B2-A59F-B1162E061CDC}
		{08923CF4-6FE9-4EEF-9443-BB386E5E7A2A} = {28AD5B4C-F643-4E0C-ACDC-C3E1F3EF419F}
	EndGlobalSection
EndGlobal
